
Microsoft Visual Studio Solution File, Format Version 12.00
# Visual Studio Version 16
VisualStudioVersion = 16.0.30503.244
MinimumVisualStudioVersion = 10.0.40219.1
Project("{8BC9CEB8-8B4A-11D0-8D11-00A0C91BC942}") = "BowlingPtr", "BowlingPtr\BowlingPtr.vcxproj", "{B9D8A608-D5F6-4800-8373-BB849C6E75EF}"
EndProject
Global
	GlobalSection(SolutionConfigurationPlatforms) = preSolution
		Debug|x64 = Debug|x64
		Debug|x86 = Debug|x86
		Release|x64 = Release|x64
		Release|x86 = Release|x86
	EndGlobalSection
	GlobalSection(ProjectConfigurationPlatforms) = postSolution
		{B9D8A608-D5F6-4800-8373-BB849C6E75EF}.Debug|x64.ActiveCfg = Debug|x64
		{B9D8A608-D5F6-4800-8373-BB849C6E75EF}.Debug|x64.Build.0 = Debug|x64
		{B9D8A608-D5F6-4800-8373-BB849C6E75EF}.Debug|x86.ActiveCfg = Debug|Win32
		{B9D8A608-D5F6-4800-8373-BB849C6E75EF}.Debug|x86.Build.0 = Debug|Win32
		{B9D8A608-D5F6-4800-8373-BB849C6E75EF}.Release|x64.ActiveCfg = Release|x64
		{B9D8A608-D5F6-4800-8373-BB849C6E75EF}.Release|x64.Build.0 = Release|x64
		{B9D8A608-D5F6-4800-8373-BB849C6E75EF}.Release|x86.ActiveCfg = Release|Win32
		{B9D8A608-D5F6-4800-8373-BB849C6E75EF}.Release|x86.Build.0 = Release|Win32
	EndGlobalSection
	GlobalSection(SolutionProperties) = preSolution
		HideSolutionNode = FALSE
	EndGlobalSection
	GlobalSection(ExtensibilityGlobals) = postSolution
		SolutionGuid = {55C40481-45EA-4088-9F25-50D36FBD0F65}
	EndGlobalSection
EndGlobal
